<?xml version="1.0" encoding="utf-8"?>
<Project ToolsVersion="4.0" xmlns="http://schemas.microsoft.com/developer/msbuild/2003">
  <ItemGroup>
    <Filter Include="소스 파일">
      <UniqueIdentifier>{4FC737F1-C7A5-4376-A066-2A32D752A2FF}</UniqueIdentifier>
      <Extensions>cpp;c;cc;cxx;c++;cppm;ixx;def;odl;idl;hpj;bat;asm;asmx</Extensions>
    </Filter>
    <Filter Include="헤더 파일">
      <UniqueIdentifier>{93995380-89BD-4b04-88EB-625FBE52EBFB}</UniqueIdentifier>
      <Extensions>h;hh;hpp;hxx;h++;hm;inl;inc;ipp;xsd</Extensions>
    </Filter>
    <Filter Include="리소스 파일">
      <UniqueIdentifier>{67DA6AB6-F800-4c08-8B7A-83BB121AAD01}</UniqueIdentifier>
      <Extensions>rc;ico;cur;bmp;dlg;rc2;rct;bin;rgs;gif;jpg;jpeg;jpe;resx;tiff;tif;png;wav;mfcribbon-ms</Extensions>
    </Filter>
    <Filter Include="소스 파일\FontCache">
      <UniqueIdentifier>{1b1e0eb6-207a-4bbe-91cc-91cc32a1eac1}</UniqueIdentifier>
    </Filter>
  </ItemGroup>
  <ItemGroup>
    <ClInclude Include="RenderObject.h">
      <Filter>헤더 파일</Filter>
    </ClInclude>
    <ClInclude Include="Circle.h">
      <Filter>헤더 파일</Filter>
    </ClInclude>
    <ClInclude Include="sid_tune.h">
      <Filter>소스 파일</Filter>
    </ClInclude>
    <ClInclude Include="vic_font.h">
      <Filter>소스 파일</Filter>
    </ClInclude>
    <ClInclude Include="ports\SDL_FontCache\SDL_FontCache.h">
      <Filter>소스 파일\FontCache</Filter>
    </ClInclude>
    <ClInclude Include="c64maze.h">
      <Filter>소스 파일</Filter>
    </ClInclude>
  </ItemGroup>
  <ItemGroup>
    <ClCompile Include="c64maze.c">
      <Filter>소스 파일</Filter>
    </ClCompile>
    <ClCompile Include="ports\UNIX.c">
      <Filter>소스 파일</Filter>
    </ClCompile>
    <ClCompile Include="ports\SDL_FontCache\SDL_FontCache.c">
      <Filter>소스 파일\FontCache</Filter>
    </ClCompile>
  </ItemGroup>
</Project>